
Microsoft Visual Studio Solution File, Format Version 12.00
# Visual Studio Version 16
VisualStudioVersion = 16.0.29230.47
MinimumVisualStudioVersion = 10.0.40219.1
Project("{FAE04EC0-301F-11D3-BF4B-00C04F79EFBC}") = "GreatOutdoor.PresentationLayer", "GreatOutdoor ReturnOnlineOrder\GreatOutdoor.PresentationLayer.csproj", "{7DF5C389-5655-41A0-8EA7-E397300D74F3}"
EndProject
Project("{FAE04EC0-301F-11D3-BF4B-00C04F79EFBC}") = "GreatOutdoor.Entity", "GreatOutdoor.Entity\GreatOutdoor.Entity.csproj", "{6F0A66F3-B56D-48FC-9837-89395DE2F355}"
EndProject
Project("{FAE04EC0-301F-11D3-BF4B-00C04F79EFBC}") = "GreatOutdoor.DataAccessLayer", "GreatOutdoor.DataAccessLayer\GreatOutdoor.DataAccessLayer.csproj", "{6B865F09-5A89-4049-B60F-5F17064DCC38}"
EndProject
Project("{FAE04EC0-301F-11D3-BF4B-00C04F79EFBC}") = "GreatOutdoor.BusinessLayer", "GreatOutdoor.BusinessLayer\GreatOutdoor.BusinessLayer.csproj", "{07B724B4-C10A-4493-B8C3-479B8FAEDA36}"
EndProject
Project("{FAE04EC0-301F-11D3-BF4B-00C04F79EFBC}") = "GreatOutdoor.Exception", "GreatOutdoor.Exception\GreatOutdoor.Exception.csproj", "{58ACC988-83AE-4954-862D-93769E6B8447}"
EndProject
Global
	GlobalSection(SolutionConfigurationPlatforms) = preSolution
		Debug|Any CPU = Debug|Any CPU
		Release|Any CPU = Release|Any CPU
	EndGlobalSection
	GlobalSection(ProjectConfigurationPlatforms) = postSolution
		{7DF5C389-5655-41A0-8EA7-E397300D74F3}.Debug|Any CPU.ActiveCfg = Debug|Any CPU
		{7DF5C389-5655-41A0-8EA7-E397300D74F3}.Debug|Any CPU.Build.0 = Debug|Any CPU
		{7DF5C389-5655-41A0-8EA7-E397300D74F3}.Release|Any CPU.ActiveCfg = Release|Any CPU
		{7DF5C389-5655-41A0-8EA7-E397300D74F3}.Release|Any CPU.Build.0 = Release|Any CPU
		{6F0A66F3-B56D-48FC-9837-89395DE2F355}.Debug|Any CPU.ActiveCfg = Debug|Any CPU
		{6F0A66F3-B56D-48FC-9837-89395DE2F355}.Debug|Any CPU.Build.0 = Debug|Any CPU
		{6F0A66F3-B56D-48FC-9837-89395DE2F355}.Release|Any CPU.ActiveCfg = Release|Any CPU
		{6F0A66F3-B56D-48FC-9837-89395DE2F355}.Release|Any CPU.Build.0 = Release|Any CPU
		{6B865F09-5A89-4049-B60F-5F17064DCC38}.Debug|Any CPU.ActiveCfg = Debug|Any CPU
		{6B865F09-5A89-4049-B60F-5F17064DCC38}.Debug|Any CPU.Build.0 = Debug|Any CPU
		{6B865F09-5A89-4049-B60F-5F17064DCC38}.Release|Any CPU.ActiveCfg = Release|Any CPU
		{6B865F09-5A89-4049-B60F-5F17064DCC38}.Release|Any CPU.Build.0 = Release|Any CPU
		{07B724B4-C10A-4493-B8C3-479B8FAEDA36}.Debug|Any CPU.ActiveCfg = Debug|Any CPU
		{07B724B4-C10A-4493-B8C3-479B8FAEDA36}.Debug|Any CPU.Build.0 = Debug|Any CPU
		{07B724B4-C10A-4493-B8C3-479B8FAEDA36}.Release|Any CPU.ActiveCfg = Release|Any CPU
		{07B724B4-C10A-4493-B8C3-479B8FAEDA36}.Release|Any CPU.Build.0 = Release|Any CPU
		{58ACC988-83AE-4954-862D-93769E6B8447}.Debug|Any CPU.ActiveCfg = Debug|Any CPU
		{58ACC988-83AE-4954-862D-93769E6B8447}.Debug|Any CPU.Build.0 = Debug|Any CPU
		{58ACC988-83AE-4954-862D-93769E6B8447}.Release|Any CPU.ActiveCfg = Release|Any CPU
		{58ACC988-83AE-4954-862D-93769E6B8447}.Release|Any CPU.Build.0 = Release|Any CPU
	EndGlobalSection
	GlobalSection(SolutionProperties) = preSolution
		HideSolutionNode = FALSE
	EndGlobalSection
	GlobalSection(ExtensibilityGlobals) = postSolution
		SolutionGuid = {987AC0E0-4925-4C55-877F-50A224FEE6D7}
	EndGlobalSection
EndGlobal
