
Microsoft Visual Studio Solution File, Format Version 12.00
# Visual Studio 15
VisualStudioVersion = 15.0.28307.421
MinimumVisualStudioVersion = 10.0.40219.1
Project("{FAE04EC0-301F-11D3-BF4B-00C04F79EFBC}") = "ProjectReturnClass", "ProjectReturnClass\ProjectReturnClass.csproj", "{42274B3A-6BD1-46AF-B5E2-79C8ACB637DA}"
EndProject
Global
	GlobalSection(SolutionConfigurationPlatforms) = preSolution
		Debug|Any CPU = Debug|Any CPU
		Release|Any CPU = Release|Any CPU
	EndGlobalSection
	GlobalSection(ProjectConfigurationPlatforms) = postSolution
		{42274B3A-6BD1-46AF-B5E2-79C8ACB637DA}.Debug|Any CPU.ActiveCfg = Debug|Any CPU
		{42274B3A-6BD1-46AF-B5E2-79C8ACB637DA}.Debug|Any CPU.Build.0 = Debug|Any CPU
		{42274B3A-6BD1-46AF-B5E2-79C8ACB637DA}.Release|Any CPU.ActiveCfg = Release|Any CPU
		{42274B3A-6BD1-46AF-B5E2-79C8ACB637DA}.Release|Any CPU.Build.0 = Release|Any CPU
	EndGlobalSection
	GlobalSection(SolutionProperties) = preSolution
		HideSolutionNode = FALSE
	EndGlobalSection
	GlobalSection(ExtensibilityGlobals) = postSolution
		SolutionGuid = {84F4058C-4C8C-4917-858D-5E18A0082584}
	EndGlobalSection
EndGlobal
